
Microsoft Visual Studio Solution File, Format Version 12.00
Project("{FAE04EC0-301F-11D3-BF4B-00C04F79EFBC}") = "NumbersToVoice", "NumbersToVoice\NumbersToVoice.csproj", "{617ECA51-8396-4322-AB2D-FCE4A4D6C5CA}"
EndProject
Project("{2150E333-8FDC-42A3-9474-1A3956D46DE8}") = "Solution Items", "Solution Items", "{5BB544E6-EAA1-454A-8937-D7D454E67900}"
	ProjectSection(SolutionItems) = preProject
		docker-compose.yml = docker-compose.yml
	EndProjectSection
EndProject
Global
	GlobalSection(SolutionConfigurationPlatforms) = preSolution
		Debug|Any CPU = Debug|Any CPU
		Release|Any CPU = Release|Any CPU
	EndGlobalSection
	GlobalSection(ProjectConfigurationPlatforms) = postSolution
		{617ECA51-8396-4322-AB2D-FCE4A4D6C5CA}.Debug|Any CPU.ActiveCfg = Debug|Any CPU
		{617ECA51-8396-4322-AB2D-FCE4A4D6C5CA}.Debug|Any CPU.Build.0 = Debug|Any CPU
		{617ECA51-8396-4322-AB2D-FCE4A4D6C5CA}.Release|Any CPU.ActiveCfg = Release|Any CPU
		{617ECA51-8396-4322-AB2D-FCE4A4D6C5CA}.Release|Any CPU.Build.0 = Release|Any CPU
	EndGlobalSection
EndGlobal
